
Microsoft Visual Studio Solution File, Format Version 12.00
# Visual Studio Version 16
VisualStudioVersion = 16.0.30804.86
MinimumVisualStudioVersion = 10.0.40219.1
Project("{FAE04EC0-301F-11D3-BF4B-00C04F79EFBC}") = "KinoRejestracja", "KinoRejestracja.csproj", "{5D9C11E3-0EA5-4B93-9E25-E6C8D7AA9338}"
EndProject
Project("{FAE04EC0-301F-11D3-BF4B-00C04F79EFBC}") = "TestyKinoLOL", "..\TestyKinoLOL\TestyKinoLOL.csproj", "{419E76FF-4C5E-44C2-B424-83B106921C85}"
EndProject
Global
	GlobalSection(SolutionConfigurationPlatforms) = preSolution
		Debug|Any CPU = Debug|Any CPU
		Release|Any CPU = Release|Any CPU
	EndGlobalSection
	GlobalSection(ProjectConfigurationPlatforms) = postSolution
		{5D9C11E3-0EA5-4B93-9E25-E6C8D7AA9338}.Debug|Any CPU.ActiveCfg = Debug|Any CPU
		{5D9C11E3-0EA5-4B93-9E25-E6C8D7AA9338}.Debug|Any CPU.Build.0 = Debug|Any CPU
		{5D9C11E3-0EA5-4B93-9E25-E6C8D7AA9338}.Release|Any CPU.ActiveCfg = Release|Any CPU
		{5D9C11E3-0EA5-4B93-9E25-E6C8D7AA9338}.Release|Any CPU.Build.0 = Release|Any CPU
		{419E76FF-4C5E-44C2-B424-83B106921C85}.Debug|Any CPU.ActiveCfg = Debug|Any CPU
		{419E76FF-4C5E-44C2-B424-83B106921C85}.Debug|Any CPU.Build.0 = Debug|Any CPU
		{419E76FF-4C5E-44C2-B424-83B106921C85}.Release|Any CPU.ActiveCfg = Release|Any CPU
		{419E76FF-4C5E-44C2-B424-83B106921C85}.Release|Any CPU.Build.0 = Release|Any CPU
	EndGlobalSection
	GlobalSection(SolutionProperties) = preSolution
		HideSolutionNode = FALSE
	EndGlobalSection
	GlobalSection(ExtensibilityGlobals) = postSolution
		SolutionGuid = {FCDFC81C-53FF-4BE7-AFA7-F34A2C2B5282}
	EndGlobalSection
EndGlobal
